
Microsoft Visual Studio Solution File, Format Version 12.00
# Visual Studio Version 16
VisualStudioVersion = 16.0.30717.126
MinimumVisualStudioVersion = 10.0.40219.1
Project("{FAE04EC0-301F-11D3-BF4B-00C04F79EFBC}") = "ExcelDemo", "ExcelDemo\ExcelDemo.csproj", "{52D1EB5D-BC84-4729-8DB1-48CCD95656CD}"
EndProject
Global
	GlobalSection(SolutionConfigurationPlatforms) = preSolution
		Debug|Any CPU = Debug|Any CPU
		Release|Any CPU = Release|Any CPU
	EndGlobalSection
	GlobalSection(ProjectConfigurationPlatforms) = postSolution
		{52D1EB5D-BC84-4729-8DB1-48CCD95656CD}.Debug|Any CPU.ActiveCfg = Debug|Any CPU
		{52D1EB5D-BC84-4729-8DB1-48CCD95656CD}.Debug|Any CPU.Build.0 = Debug|Any CPU
		{52D1EB5D-BC84-4729-8DB1-48CCD95656CD}.Release|Any CPU.ActiveCfg = Release|Any CPU
		{52D1EB5D-BC84-4729-8DB1-48CCD95656CD}.Release|Any CPU.Build.0 = Release|Any CPU
	EndGlobalSection
	GlobalSection(SolutionProperties) = preSolution
		HideSolutionNode = FALSE
	EndGlobalSection
	GlobalSection(ExtensibilityGlobals) = postSolution
		SolutionGuid = {3BE15C1A-FB40-4FD9-8366-131F8C34CEA4}
	EndGlobalSection
EndGlobal
